
Microsoft Visual Studio Solution File, Format Version 12.00
# Visual Studio Version 17
VisualStudioVersion = 17.5.33627.172
MinimumVisualStudioVersion = 10.0.40219.1
Project("{FAE04EC0-301F-11D3-BF4B-00C04F79EFBC}") = "WebApplication1", "WebApplication1.csproj", "{533D27F2-3873-492D-9807-76A75B9AE134}"
EndProject
Global
	GlobalSection(SolutionConfigurationPlatforms) = preSolution
		Debug|Any CPU = Debug|Any CPU
		Release|Any CPU = Release|Any CPU
	EndGlobalSection
	GlobalSection(ProjectConfigurationPlatforms) = postSolution
		{533D27F2-3873-492D-9807-76A75B9AE134}.Debug|Any CPU.ActiveCfg = Debug|Any CPU
		{533D27F2-3873-492D-9807-76A75B9AE134}.Debug|Any CPU.Build.0 = Debug|Any CPU
		{533D27F2-3873-492D-9807-76A75B9AE134}.Release|Any CPU.ActiveCfg = Release|Any CPU
		{533D27F2-3873-492D-9807-76A75B9AE134}.Release|Any CPU.Build.0 = Release|Any CPU
	EndGlobalSection
	GlobalSection(SolutionProperties) = preSolution
		HideSolutionNode = FALSE
	EndGlobalSection
	GlobalSection(ExtensibilityGlobals) = postSolution
		SolutionGuid = {98DCD814-AF81-4831-92A8-ED9F19DC15BE}
	EndGlobalSection
EndGlobal
